
Microsoft Visual Studio Solution File, Format Version 12.00
Project("{FAE04EC0-301F-11D3-BF4B-00C04F79EFBC}") = "SingleResponsibility", "SingleResponsibility\SingleResponsibility.csproj", "{AAC2D942-F1E6-47A2-BF3F-9C1372F121CC}"
EndProject
Project("{FAE04EC0-301F-11D3-BF4B-00C04F79EFBC}") = "OpenClosed", "OpenClosed\OpenClosed.csproj", "{5419554F-6300-41A9-99BD-35719144C91C}"
EndProject
Project("{FAE04EC0-301F-11D3-BF4B-00C04F79EFBC}") = "DependencyInversion", "DependencyInversion\DependencyInversion.csproj", "{9A3BAAC0-1CE1-419D-BE44-BCD1D64D0964}"
EndProject
Global
	GlobalSection(SolutionConfigurationPlatforms) = preSolution
		Debug|Any CPU = Debug|Any CPU
		Release|Any CPU = Release|Any CPU
	EndGlobalSection
	GlobalSection(ProjectConfigurationPlatforms) = postSolution
		{AAC2D942-F1E6-47A2-BF3F-9C1372F121CC}.Debug|Any CPU.ActiveCfg = Debug|Any CPU
		{AAC2D942-F1E6-47A2-BF3F-9C1372F121CC}.Debug|Any CPU.Build.0 = Debug|Any CPU
		{AAC2D942-F1E6-47A2-BF3F-9C1372F121CC}.Release|Any CPU.ActiveCfg = Release|Any CPU
		{AAC2D942-F1E6-47A2-BF3F-9C1372F121CC}.Release|Any CPU.Build.0 = Release|Any CPU
		{5419554F-6300-41A9-99BD-35719144C91C}.Debug|Any CPU.ActiveCfg = Debug|Any CPU
		{5419554F-6300-41A9-99BD-35719144C91C}.Debug|Any CPU.Build.0 = Debug|Any CPU
		{5419554F-6300-41A9-99BD-35719144C91C}.Release|Any CPU.ActiveCfg = Release|Any CPU
		{5419554F-6300-41A9-99BD-35719144C91C}.Release|Any CPU.Build.0 = Release|Any CPU
		{9A3BAAC0-1CE1-419D-BE44-BCD1D64D0964}.Debug|Any CPU.ActiveCfg = Debug|Any CPU
		{9A3BAAC0-1CE1-419D-BE44-BCD1D64D0964}.Debug|Any CPU.Build.0 = Debug|Any CPU
		{9A3BAAC0-1CE1-419D-BE44-BCD1D64D0964}.Release|Any CPU.ActiveCfg = Release|Any CPU
		{9A3BAAC0-1CE1-419D-BE44-BCD1D64D0964}.Release|Any CPU.Build.0 = Release|Any CPU
	EndGlobalSection
EndGlobal
